// !$*UTF8*$!
{
	archiveVersion = 1;
	classes = {
	};
	objectVersion = 55;
	objects = {

/* Begin PBXBuildFile section */
		7E375AE6286F898F00BA8EF9 /* AppDelegate.swift in Sources */ = {isa = PBXBuildFile; fileRef = 7E375AE5286F898F00BA8EF9 /* AppDelegate.swift */; };
		7E375AE8286F898F00BA8EF9 /* SceneDelegate.swift in Sources */ = {isa = PBXBuildFile; fileRef = 7E375AE7286F898F00BA8EF9 /* SceneDelegate.swift */; };
		7E375AEA286F898F00BA8EF9 /* Controller.swift in Sources */ = {isa = PBXBuildFile; fileRef = 7E375AE9286F898F00BA8EF9 /* Controller.swift */; };
		7E375AEF286F899200BA8EF9 /* Assets.xcassets in Resources */ = {isa = PBXBuildFile; fileRef = 7E375AEE286F899200BA8EF9 /* Assets.xcassets */; };
		7E375AF2286F899200BA8EF9 /* LaunchScreen.storyboard in Resources */ = {isa = PBXBuildFile; fileRef = 7E375AF0286F899200BA8EF9 /* LaunchScreen.storyboard */; };
		7E375AFC286FA37F00BA8EF9 /* AppTheme.swift in Sources */ = {isa = PBXBuildFile; fileRef = 7E375AFB286FA37F00BA8EF9 /* AppTheme.swift */; };
		7E375B03286FA65900BA8EF9 /* UIView + Extension.swift in Sources */ = {isa = PBXBuildFile; fileRef = 7E375B02286FA65900BA8EF9 /* UIView + Extension.swift */; };
		7E375B1628705F0200BA8EF9 /* MainView.swift in Sources */ = {isa = PBXBuildFile; fileRef = 7E375B1528705F0200BA8EF9 /* MainView.swift */; };
		7E375B18287085EA00BA8EF9 /* UIStackView + Extension.swift in Sources */ = {isa = PBXBuildFile; fileRef = 7E375B17287085EA00BA8EF9 /* UIStackView + Extension.swift */; };
		7E375B1A2870BE5F00BA8EF9 /* Double + Extension.swift in Sources */ = {isa = PBXBuildFile; fileRef = 7E375B192870BE5F00BA8EF9 /* Double + Extension.swift */; };
		7E375B1D2870CEEC00BA8EF9 /* GradientButton.swift in Sources */ = {isa = PBXBuildFile; fileRef = 7E375B1C2870CEEC00BA8EF9 /* GradientButton.swift */; };
		7E375B1F2870F1FA00BA8EF9 /* AlertView.swift in Sources */ = {isa = PBXBuildFile; fileRef = 7E375B1E2870F1FA00BA8EF9 /* AlertView.swift */; };
		7E375B432872AC7F00BA8EF9 /* Int + Extension.swift in Sources */ = {isa = PBXBuildFile; fileRef = 7E375B422872AC7F00BA8EF9 /* Int + Extension.swift */; };
		7E375B482872AE0C00BA8EF9 /* Countdown.swift in Sources */ = {isa = PBXBuildFile; fileRef = 7E375B472872AE0C00BA8EF9 /* Countdown.swift */; };
		7E375B4B2872AF6A00BA8EF9 /* DateFormatterManager.swift in Sources */ = {isa = PBXBuildFile; fileRef = 7E375B4A2872AF6A00BA8EF9 /* DateFormatterManager.swift */; };
/* End PBXBuildFile section */

/* Begin PBXFileReference section */
		7E375AE2286F898F00BA8EF9 /* TEST_test_GISMART.app */ = {isa = PBXFileReference; explicitFileType = wrapper.application; includeInIndex = 0; path = TEST_test_GISMART.app; sourceTree = BUILT_PRODUCTS_DIR; };
		7E375AE5286F898F00BA8EF9 /* AppDelegate.swift */ = {isa = PBXFileReference; lastKnownFileType = sourcecode.swift; path = AppDelegate.swift; sourceTree = "<group>"; };
		7E375AE7286F898F00BA8EF9 /* SceneDelegate.swift */ = {isa = PBXFileReference; lastKnownFileType = sourcecode.swift; path = SceneDelegate.swift; sourceTree = "<group>"; };
		7E375AE9286F898F00BA8EF9 /* Controller.swift */ = {isa = PBXFileReference; lastKnownFileType = sourcecode.swift; path = Controller.swift; sourceTree = "<group>"; };
		7E375AEE286F899200BA8EF9 /* Assets.xcassets */ = {isa = PBXFileReference; lastKnownFileType = folder.assetcatalog; path = Assets.xcassets; sourceTree = "<group>"; };
		7E375AF1286F899200BA8EF9 /* Base */ = {isa = PBXFileReference; lastKnownFileType = file.storyboard; name = Base; path = Base.lproj/LaunchScreen.storyboard; sourceTree = "<group>"; };
		7E375AF3286F899200BA8EF9 /* Info.plist */ = {isa = PBXFileReference; lastKnownFileType = text.plist.xml; path = Info.plist; sourceTree = "<group>"; };
		7E375AFB286FA37F00BA8EF9 /* AppTheme.swift */ = {isa = PBXFileReference; lastKnownFileType = sourcecode.swift; path = AppTheme.swift; sourceTree = "<group>"; };
		7E375B02286FA65900BA8EF9 /* UIView + Extension.swift */ = {isa = PBXFileReference; lastKnownFileType = sourcecode.swift; path = "UIView + Extension.swift"; sourceTree = "<group>"; };
		7E375B1528705F0200BA8EF9 /* MainView.swift */ = {isa = PBXFileReference; lastKnownFileType = sourcecode.swift; path = MainView.swift; sourceTree = "<group>"; };
		7E375B17287085EA00BA8EF9 /* UIStackView + Extension.swift */ = {isa = PBXFileReference; lastKnownFileType = sourcecode.swift; path = "UIStackView + Extension.swift"; sourceTree = "<group>"; };
		7E375B192870BE5F00BA8EF9 /* Double + Extension.swift */ = {isa = PBXFileReference; lastKnownFileType = sourcecode.swift; path = "Double + Extension.swift"; sourceTree = "<group>"; };
		7E375B1C2870CEEC00BA8EF9 /* GradientButton.swift */ = {isa = PBXFileReference; lastKnownFileType = sourcecode.swift; path = GradientButton.swift; sourceTree = "<group>"; };
		7E375B1E2870F1FA00BA8EF9 /* AlertView.swift */ = {isa = PBXFileReference; lastKnownFileType = sourcecode.swift; path = AlertView.swift; sourceTree = "<group>"; };
		7E375B422872AC7F00BA8EF9 /* Int + Extension.swift */ = {isa = PBXFileReference; lastKnownFileType = sourcecode.swift; path = "Int + Extension.swift"; sourceTree = "<group>"; };
		7E375B472872AE0C00BA8EF9 /* Countdown.swift */ = {isa = PBXFileReference; lastKnownFileType = sourcecode.swift; path = Countdown.swift; sourceTree = "<group>"; };
		7E375B4A2872AF6A00BA8EF9 /* DateFormatterManager.swift */ = {isa = PBXFileReference; lastKnownFileType = sourcecode.swift; path = DateFormatterManager.swift; sourceTree = "<group>"; };
/* End PBXFileReference section */

/* Begin PBXFrameworksBuildPhase section */
		7E375ADF286F898F00BA8EF9 /* Frameworks */ = {
			isa = PBXFrameworksBuildPhase;
			buildActionMask = 2147483647;
			files = (
			);
			runOnlyForDeploymentPostprocessing = 0;
		};
/* End PBXFrameworksBuildPhase section */

/* Begin PBXGroup section */
		7E375AD9286F898F00BA8EF9 = {
			isa = PBXGroup;
			children = (
				7E375AE4286F898F00BA8EF9 /* TEST_test_GISMART */,
				7E375AE3286F898F00BA8EF9 /* Products */,
			);
			sourceTree = "<group>";
		};
		7E375AE3286F898F00BA8EF9 /* Products */ = {
			isa = PBXGroup;
			children = (
				7E375AE2286F898F00BA8EF9 /* TEST_test_GISMART.app */,
			);
			name = Products;
			sourceTree = "<group>";
		};
		7E375AE4286F898F00BA8EF9 /* TEST_test_GISMART */ = {
			isa = PBXGroup;
			children = (
				7E375AFE286FA48600BA8EF9 /* Modules */,
				7E375B01286FA4C800BA8EF9 /* Extensions */,
				7E375AFD286FA46F00BA8EF9 /* Resources */,
				7E375B1B2870CED000BA8EF9 /* UIKit */,
				7E375B492872AF5300BA8EF9 /* Core */,
				7E375AE5286F898F00BA8EF9 /* AppDelegate.swift */,
				7E375AE7286F898F00BA8EF9 /* SceneDelegate.swift */,
				7E375AEE286F899200BA8EF9 /* Assets.xcassets */,
				7E375AF0286F899200BA8EF9 /* LaunchScreen.storyboard */,
				7E375AF3286F899200BA8EF9 /* Info.plist */,
			);
			path = TEST_test_GISMART;
			sourceTree = "<group>";
		};
		7E375AFD286FA46F00BA8EF9 /* Resources */ = {
			isa = PBXGroup;
			children = (
				7E375AFB286FA37F00BA8EF9 /* AppTheme.swift */,
			);
			path = Resources;
			sourceTree = "<group>";
		};
		7E375AFE286FA48600BA8EF9 /* Modules */ = {
			isa = PBXGroup;
			children = (
				7E375B462872ADC500BA8EF9 /* Model */,
				7E375B1428705EF500BA8EF9 /* View */,
				7E375B1128705E0600BA8EF9 /* Controller */,
			);
			path = Modules;
			sourceTree = "<group>";
		};
		7E375B01286FA4C800BA8EF9 /* Extensions */ = {
			isa = PBXGroup;
			children = (
				7E375B02286FA65900BA8EF9 /* UIView + Extension.swift */,
				7E375B17287085EA00BA8EF9 /* UIStackView + Extension.swift */,
				7E375B192870BE5F00BA8EF9 /* Double + Extension.swift */,
				7E375B422872AC7F00BA8EF9 /* Int + Extension.swift */,
			);
			path = Extensions;
			sourceTree = "<group>";
		};
		7E375B1128705E0600BA8EF9 /* Controller */ = {
			isa = PBXGroup;
			children = (
				7E375AE9286F898F00BA8EF9 /* Controller.swift */,
			);
			path = Controller;
			sourceTree = "<group>";
		};
		7E375B1428705EF500BA8EF9 /* View */ = {
			isa = PBXGroup;
			children = (
				7E375B1528705F0200BA8EF9 /* MainView.swift */,
				7E375B1E2870F1FA00BA8EF9 /* AlertView.swift */,
			);
			path = View;
			sourceTree = "<group>";
		};
		7E375B1B2870CED000BA8EF9 /* UIKit */ = {
			isa = PBXGroup;
			children = (
				7E375B1C2870CEEC00BA8EF9 /* GradientButton.swift */,
			);
			path = UIKit;
			sourceTree = "<group>";
		};
		7E375B462872ADC500BA8EF9 /* Model */ = {
			isa = PBXGroup;
			children = (
				7E375B472872AE0C00BA8EF9 /* Countdown.swift */,
			);
			path = Model;
			sourceTree = "<group>";
		};
		7E375B492872AF5300BA8EF9 /* Core */ = {
			isa = PBXGroup;
			children = (
				7E375B4A2872AF6A00BA8EF9 /* DateFormatterManager.swift */,
			);
			path = Core;
			sourceTree = "<group>";
		};
/* End PBXGroup section */

/* Begin PBXNativeTarget section */
		7E375AE1286F898F00BA8EF9 /* TEST_test_GISMART */ = {
			isa = PBXNativeTarget;
			buildConfigurationList = 7E375AF6286F899200BA8EF9 /* Build configuration list for PBXNativeTarget "TEST_test_GISMART" */;
			buildPhases = (
				7E375ADE286F898F00BA8EF9 /* Sources */,
				7E375ADF286F898F00BA8EF9 /* Frameworks */,
				7E375AE0286F898F00BA8EF9 /* Resources */,
			);
			buildRules = (
			);
			dependencies = (
			);
			name = TEST_test_GISMART;
			productName = TEST_test_GISMART;
			productReference = 7E375AE2286F898F00BA8EF9 /* TEST_test_GISMART.app */;
			productType = "com.apple.product-type.application";
		};
/* End PBXNativeTarget section */

/* Begin PBXProject section */
		7E375ADA286F898F00BA8EF9 /* Project object */ = {
			isa = PBXProject;
			attributes = {
				BuildIndependentTargetsInParallel = 1;
				LastSwiftUpdateCheck = 1340;
				LastUpgradeCheck = 1340;
				TargetAttributes = {
					7E375AE1286F898F00BA8EF9 = {
						CreatedOnToolsVersion = 13.4.1;
					};
				};
			};
			buildConfigurationList = 7E375ADD286F898F00BA8EF9 /* Build configuration list for PBXProject "TEST_test_GISMART" */;
			compatibilityVersion = "Xcode 13.0";
			developmentRegion = en;
			hasScannedForEncodings = 0;
			knownRegions = (
				en,
				Base,
			);
			mainGroup = 7E375AD9286F898F00BA8EF9;
			productRefGroup = 7E375AE3286F898F00BA8EF9 /* Products */;
			projectDirPath = "";
			projectRoot = "";
			targets = (
				7E375AE1286F898F00BA8EF9 /* TEST_test_GISMART */,
			);
		};
/* End PBXProject section */

/* Begin PBXResourcesBuildPhase section */
		7E375AE0286F898F00BA8EF9 /* Resources */ = {
			isa = PBXResourcesBuildPhase;
			buildActionMask = 2147483647;
			files = (
				7E375AF2286F899200BA8EF9 /* LaunchScreen.storyboard in Resources */,
				7E375AEF286F899200BA8EF9 /* Assets.xcassets in Resources */,
			);
			runOnlyForDeploymentPostprocessing = 0;
		};
/* End PBXResourcesBuildPhase section */

/* Begin PBXSourcesBuildPhase section */
		7E375ADE286F898F00BA8EF9 /* Sources */ = {
			isa = PBXSourcesBuildPhase;
			buildActionMask = 2147483647;
			files = (
				7E375AEA286F898F00BA8EF9 /* Controller.swift in Sources */,
				7E375B18287085EA00BA8EF9 /* UIStackView + Extension.swift in Sources */,
				7E375B432872AC7F00BA8EF9 /* Int + Extension.swift in Sources */,
				7E375B1628705F0200BA8EF9 /* MainView.swift in Sources */,
				7E375B4B2872AF6A00BA8EF9 /* DateFormatterManager.swift in Sources */,
				7E375AFC286FA37F00BA8EF9 /* AppTheme.swift in Sources */,
				7E375AE6286F898F00BA8EF9 /* AppDelegate.swift in Sources */,
				7E375B1F2870F1FA00BA8EF9 /* AlertView.swift in Sources */,
				7E375B03286FA65900BA8EF9 /* UIView + Extension.swift in Sources */,
				7E375B1A2870BE5F00BA8EF9 /* Double + Extension.swift in Sources */,
				7E375AE8286F898F00BA8EF9 /* SceneDelegate.swift in Sources */,
				7E375B1D2870CEEC00BA8EF9 /* GradientButton.swift in Sources */,
				7E375B482872AE0C00BA8EF9 /* Countdown.swift in Sources */,
			);
			runOnlyForDeploymentPostprocessing = 0;
		};
/* End PBXSourcesBuildPhase section */

/* Begin PBXVariantGroup section */
		7E375AF0286F899200BA8EF9 /* LaunchScreen.storyboard */ = {
			isa = PBXVariantGroup;
			children = (
				7E375AF1286F899200BA8EF9 /* Base */,
			);
			name = LaunchScreen.storyboard;
			sourceTree = "<group>";
		};
/* End PBXVariantGroup section */

/* Begin XCBuildConfiguration section */
		7E375AF4286F899200BA8EF9 /* Debug */ = {
			isa = XCBuildConfiguration;
			buildSettings = {
				ALWAYS_SEARCH_USER_PATHS = NO;
				CLANG_ANALYZER_NONNULL = YES;
				CLANG_ANALYZER_NUMBER_OBJECT_CONVERSION = YES_AGGRESSIVE;
				CLANG_CXX_LANGUAGE_STANDARD = "gnu++17";
				CLANG_ENABLE_MODULES = YES;
				CLANG_ENABLE_OBJC_ARC = YES;
				CLANG_ENABLE_OBJC_WEAK = YES;
				CLANG_WARN_BLOCK_CAPTURE_AUTORELEASING = YES;
				CLANG_WARN_BOOL_CONVERSION = YES;
				CLANG_WARN_COMMA = YES;
				CLANG_WARN_CONSTANT_CONVERSION = YES;
				CLANG_WARN_DEPRECATED_OBJC_IMPLEMENTATIONS = YES;
				CLANG_WARN_DIRECT_OBJC_ISA_USAGE = YES_ERROR;
				CLANG_WARN_DOCUMENTATION_COMMENTS = YES;
				CLANG_WARN_EMPTY_BODY = YES;
				CLANG_WARN_ENUM_CONVERSION = YES;
				CLANG_WARN_INFINITE_RECURSION = YES;
				CLANG_WARN_INT_CONVERSION = YES;
				CLANG_WARN_NON_LITERAL_NULL_CONVERSION = YES;
				CLANG_WARN_OBJC_IMPLICIT_RETAIN_SELF = YES;
				CLANG_WARN_OBJC_LITERAL_CONVERSION = YES;
				CLANG_WARN_OBJC_ROOT_CLASS = YES_ERROR;
				CLANG_WARN_QUOTED_INCLUDE_IN_FRAMEWORK_HEADER = YES;
				CLANG_WARN_RANGE_LOOP_ANALYSIS = YES;
				CLANG_WARN_STRICT_PROTOTYPES = YES;
				CLANG_WARN_SUSPICIOUS_MOVE = YES;
				CLANG_WARN_UNGUARDED_AVAILABILITY = YES_AGGRESSIVE;
				CLANG_WARN_UNREACHABLE_CODE = YES;
				CLANG_WARN__DUPLICATE_METHOD_MATCH = YES;
				COPY_PHASE_STRIP = NO;
				DEBUG_INFORMATION_FORMAT = dwarf;
				ENABLE_STRICT_OBJC_MSGSEND = YES;
				ENABLE_TESTABILITY = YES;
				GCC_C_LANGUAGE_STANDARD = gnu11;
				GCC_DYNAMIC_NO_PIC = NO;
				GCC_NO_COMMON_BLOCKS = YES;
				GCC_OPTIMIZATION_LEVEL = 0;
				GCC_PREPROCESSOR_DEFINITIONS = (
					"DEBUG=1",
					"$(inherited)",
				);
				GCC_WARN_64_TO_32_BIT_CONVERSION = YES;
				GCC_WARN_ABOUT_RETURN_TYPE = YES_ERROR;
				GCC_WARN_UNDECLARED_SELECTOR = YES;
				GCC_WARN_UNINITIALIZED_AUTOS = YES_AGGRESSIVE;
				GCC_WARN_UNUSED_FUNCTION = YES;
				GCC_WARN_UNUSED_VARIABLE = YES;
				IPHONEOS_DEPLOYMENT_TARGET = 15.5;
				MTL_ENABLE_DEBUG_INFO = INCLUDE_SOURCE;
				MTL_FAST_MATH = YES;
				ONLY_ACTIVE_ARCH = YES;
				SDKROOT = iphoneos;
				SWIFT_ACTIVE_COMPILATION_CONDITIONS = DEBUG;
				SWIFT_OPTIMIZATION_LEVEL = "-Onone";
			};
			name = Debug;
		};
		7E375AF5286F899200BA8EF9 /* Release */ = {
			isa = XCBuildConfiguration;
			buildSettings = {
				ALWAYS_SEARCH_USER_PATHS = NO;
				CLANG_ANALYZER_NONNULL = YES;
				CLANG_ANALYZER_NUMBER_OBJECT_CONVERSION = YES_AGGRESSIVE;
				CLANG_CXX_LANGUAGE_STANDARD = "gnu++17";
				CLANG_ENABLE_MODULES = YES;
				CLANG_ENABLE_OBJC_ARC = YES;
				CLANG_ENABLE_OBJC_WEAK = YES;
				CLANG_WARN_BLOCK_CAPTURE_AUTORELEASING = YES;
				CLANG_WARN_BOOL_CONVERSION = YES;
				CLANG_WARN_COMMA = YES;
				CLANG_WARN_CONSTANT_CONVERSION = YES;
				CLANG_WARN_DEPRECATED_OBJC_IMPLEMENTATIONS = YES;
				CLANG_WARN_DIRECT_OBJC_ISA_USAGE = YES_ERROR;
				CLANG_WARN_DOCUMENTATION_COMMENTS = YES;
				CLANG_WARN_EMPTY_BODY = YES;
				CLANG_WARN_ENUM_CONVERSION = YES;
				CLANG_WARN_INFINITE_RECURSION = YES;
				CLANG_WARN_INT_CONVERSION = YES;
				CLANG_WARN_NON_LITERAL_NULL_CONVERSION = YES;
				CLANG_WARN_OBJC_IMPLICIT_RETAIN_SELF = YES;
				CLANG_WARN_OBJC_LITERAL_CONVERSION = YES;
				CLANG_WARN_OBJC_ROOT_CLASS = YES_ERROR;
				CLANG_WARN_QUOTED_INCLUDE_IN_FRAMEWORK_HEADER = YES;
				CLANG_WARN_RANGE_LOOP_ANALYSIS = YES;
				CLANG_WARN_STRICT_PROTOTYPES = YES;
				CLANG_WARN_SUSPICIOUS_MOVE = YES;
				CLANG_WARN_UNGUARDED_AVAILABILITY = YES_AGGRESSIVE;
				CLANG_WARN_UNREACHABLE_CODE = YES;
				CLANG_WARN__DUPLICATE_METHOD_MATCH = YES;
				COPY_PHASE_STRIP = NO;
				DEBUG_INFORMATION_FORMAT = "dwarf-with-dsym";
				ENABLE_NS_ASSERTIONS = NO;
				ENABLE_STRICT_OBJC_MSGSEND = YES;
				GCC_C_LANGUAGE_STANDARD = gnu11;
				GCC_NO_COMMON_BLOCKS = YES;
				GCC_WARN_64_TO_32_BIT_CONVERSION = YES;
				GCC_WARN_ABOUT_RETURN_TYPE = YES_ERROR;
				GCC_WARN_UNDECLARED_SELECTOR = YES;
				GCC_WARN_UNINITIALIZED_AUTOS = YES_AGGRESSIVE;
				GCC_WARN_UNUSED_FUNCTION = YES;
				GCC_WARN_UNUSED_VARIABLE = YES;
				IPHONEOS_DEPLOYMENT_TARGET = 15.5;
				MTL_ENABLE_DEBUG_INFO = NO;
				MTL_FAST_MATH = YES;
				SDKROOT = iphoneos;
				SWIFT_COMPILATION_MODE = wholemodule;
				SWIFT_OPTIMIZATION_LEVEL = "-O";
				VALIDATE_PRODUCT = YES;
			};
			name = Release;
		};
		7E375AF7286F899200BA8EF9 /* Debug */ = {
			isa = XCBuildConfiguration;
			buildSettings = {
				ASSETCATALOG_COMPILER_APPICON_NAME = AppIcon;
				ASSETCATALOG_COMPILER_GLOBAL_ACCENT_COLOR_NAME = AccentColor;
				CODE_SIGN_STYLE = Automatic;
				CURRENT_PROJECT_VERSION = 1;
				DEVELOPMENT_TEAM = M5S2899J9B;
				GENERATE_INFOPLIST_FILE = YES;
				INFOPLIST_FILE = TEST_test_GISMART/Info.plist;
				INFOPLIST_KEY_UIApplicationSupportsIndirectInputEvents = YES;
				INFOPLIST_KEY_UILaunchStoryboardName = LaunchScreen;
				INFOPLIST_KEY_UISupportedInterfaceOrientations_iPad = "UIInterfaceOrientationLandscapeLeft UIInterfaceOrientationLandscapeRight";
				INFOPLIST_KEY_UISupportedInterfaceOrientations_iPhone = "UIInterfaceOrientationLandscapeLeft UIInterfaceOrientationLandscapeRight";
				LD_RUNPATH_SEARCH_PATHS = (
					"$(inherited)",
					"@executable_path/Frameworks",
				);
				MARKETING_VERSION = 1.0;
				PRODUCT_BUNDLE_IDENTIFIER = "personal.TEST-test-GISMART";
				PRODUCT_NAME = "$(TARGET_NAME)";
				SWIFT_EMIT_LOC_STRINGS = YES;
				SWIFT_VERSION = 5.0;
				TARGETED_DEVICE_FAMILY = "1,2";
			};
			name = Debug;
		};
		7E375AF8286F899200BA8EF9 /* Release */ = {
			isa = XCBuildConfiguration;
			buildSettings = {
				ASSETCATALOG_COMPILER_APPICON_NAME = AppIcon;
				ASSETCATALOG_COMPILER_GLOBAL_ACCENT_COLOR_NAME = AccentColor;
				CODE_SIGN_STYLE = Automatic;
				CURRENT_PROJECT_VERSION = 1;
				DEVELOPMENT_TEAM = M5S2899J9B;
				GENERATE_INFOPLIST_FILE = YES;
				INFOPLIST_FILE = TEST_test_GISMART/Info.plist;
				INFOPLIST_KEY_UIApplicationSupportsIndirectInputEvents = YES;
				INFOPLIST_KEY_UILaunchStoryboardName = LaunchScreen;
				INFOPLIST_KEY_UISupportedInterfaceOrientations_iPad = "UIInterfaceOrientationLandscapeLeft UIInterfaceOrientationLandscapeRight";
				INFOPLIST_KEY_UISupportedInterfaceOrientations_iPhone = "UIInterfaceOrientationLandscapeLeft UIInterfaceOrientationLandscapeRight";
				LD_RUNPATH_SEARCH_PATHS = (
					"$(inherited)",
					"@executable_path/Frameworks",
				);
				MARKETING_VERSION = 1.0;
				PRODUCT_BUNDLE_IDENTIFIER = "personal.TEST-test-GISMART";
				PRODUCT_NAME = "$(TARGET_NAME)";
				SWIFT_EMIT_LOC_STRINGS = YES;
				SWIFT_VERSION = 5.0;
				TARGETED_DEVICE_FAMILY = "1,2";
			};
			name = Release;
		};
/* End XCBuildConfiguration section */

/* Begin XCConfigurationList section */
		7E375ADD286F898F00BA8EF9 /* Build configuration list for PBXProject "TEST_test_GISMART" */ = {
			isa = XCConfigurationList;
			buildConfigurations = (
				7E375AF4286F899200BA8EF9 /* Debug */,
				7E375AF5286F899200BA8EF9 /* Release */,
			);
			defaultConfigurationIsVisible = 0;
			defaultConfigurationName = Release;
		};
		7E375AF6286F899200BA8EF9 /* Build configuration list for PBXNativeTarget "TEST_test_GISMART" */ = {
			isa = XCConfigurationList;
			buildConfigurations = (
				7E375AF7286F899200BA8EF9 /* Debug */,
				7E375AF8286F899200BA8EF9 /* Release */,
			);
			defaultConfigurationIsVisible = 0;
			defaultConfigurationName = Release;
		};
/* End XCConfigurationList section */
	};
	rootObject = 7E375ADA286F898F00BA8EF9 /* Project object */;
}
